<?xml version="1.0" encoding="utf-8"?>
<Project ToolsVersion="4.0" xmlns="http://schemas.microsoft.com/developer/msbuild/2003">
  <ItemGroup>
    <Filter Include="Source Files">
      <UniqueIdentifier>{bad0b50b-1b1b-4341-8522-ff1571d8ac7a}</UniqueIdentifier>
      <Extensions>cpp;c;cxx;rc;def;r;odl;idl;hpj;bat</Extensions>
    </Filter>
    <Filter Include="Header Files">
      <UniqueIdentifier>{c9666d52-fca6-44b5-aa58-a98d38f20dc2}</UniqueIdentifier>
      <Extensions>h;hpp;hxx;hm;inl</Extensions>
    </Filter>
    <Filter Include="Resource Files">
      <UniqueIdentifier>{66e8826c-fd5e-436f-801f-3882d598899b}</UniqueIdentifier>
      <Extensions>ico;cur;bmp;dlg;rc2;rct;bin;rgs;gif;jpg;jpeg;jpe</Extensions>
    </Filter>
  </ItemGroup>
  <ItemGroup>
    <ClCompile Include="src\list.c">
      <Filter>Source Files</Filter>
    </ClCompile>
    <ClCompile Include="src\lists.c">
      <Filter>Source Files</Filter>
    </ClCompile>
    <ClCompile Include="src\main.cpp">
      <Filter>Source Files</Filter>
    </ClCompile>
    <ClCompile Include="src\mqttsn.c">
      <Filter>Source Files</Filter>
    </ClCompile>
    <ClCompile Include="src\msg_mqtt_udp.c">
      <Filter>Source Files</Filter>
    </ClCompile>
    <ClCompile Include="src\msg_udp_mqtt.c">
      <Filter>Source Files</Filter>
    </ClCompile>
    <ClCompile Include="src\msgs.c">
      <Filter>Source Files</Filter>
    </ClCompile>
    <ClCompile Include="src\sensor_data.c">
      <Filter>Source Files</Filter>
    </ClCompile>
    <ClCompile Include="src\stdafx.cpp">
      <Filter>Source Files</Filter>
    </ClCompile>
    <ClCompile Include="src\thread_udp.cpp">
      <Filter>Source Files</Filter>
    </ClCompile>
  </ItemGroup>
  <ItemGroup>
    <ResourceCompile Include="src\main.rc">
      <Filter>Source Files</Filter>
    </ResourceCompile>
  </ItemGroup>
  <ItemGroup>
    <ClInclude Include="src\config.h">
      <Filter>Header Files</Filter>
    </ClInclude>
    <ClInclude Include="src\list.h">
      <Filter>Header Files</Filter>
    </ClInclude>
    <ClInclude Include="src\lists.h">
      <Filter>Header Files</Filter>
    </ClInclude>
    <ClInclude Include="src\maindlg.h">
      <Filter>Header Files</Filter>
    </ClInclude>
    <ClInclude Include="src\mqttsn.h">
      <Filter>Header Files</Filter>
    </ClInclude>
    <ClInclude Include="src\msg_mqtt_udp.h">
      <Filter>Header Files</Filter>
    </ClInclude>
    <ClInclude Include="src\msg_udp_mqtt.h">
      <Filter>Header Files</Filter>
    </ClInclude>
    <ClInclude Include="src\msgs.h">
      <Filter>Header Files</Filter>
    </ClInclude>
    <ClInclude Include="src\os_port.h">
      <Filter>Header Files</Filter>
    </ClInclude>
    <ClInclude Include="src\resource.h">
      <Filter>Header Files</Filter>
    </ClInclude>
    <ClInclude Include="src\sensor_data.h">
      <Filter>Header Files</Filter>
    </ClInclude>
    <ClInclude Include="src\stdafx.h">
      <Filter>Header Files</Filter>
    </ClInclude>
    <ClInclude Include="src\stdint_msc.h">
      <Filter>Header Files</Filter>
    </ClInclude>
    <ClInclude Include="src\thread_udp.h">
      <Filter>Header Files</Filter>
    </ClInclude>
  </ItemGroup>
  <ItemGroup>
    <None Include="src\res\main.ico">
      <Filter>Resource Files</Filter>
    </None>
  </ItemGroup>
</Project>