
Microsoft Visual Studio Solution File, Format Version 11.00
# Visual Studio 2010
Project("{8BC9CEB8-8B4A-11D0-8D11-00A0C91BC942}") = "sensim", "sensim.vcxproj", "{050ADE50-FCDC-4ECD-9B0F-31384AB0189A}"
EndProject
Global
	GlobalSection(SolutionConfigurationPlatforms) = preSolution
		Debug|Win32 = Debug|Win32
		Release|Win32 = Release|Win32
	EndGlobalSection
	GlobalSection(ProjectConfigurationPlatforms) = postSolution
		{050ADE50-FCDC-4ECD-9B0F-31384AB0189A}.Debug|Win32.ActiveCfg = Debug|Win32
		{050ADE50-FCDC-4ECD-9B0F-31384AB0189A}.Debug|Win32.Build.0 = Debug|Win32
		{050ADE50-FCDC-4ECD-9B0F-31384AB0189A}.Release|Win32.ActiveCfg = Release|Win32
		{050ADE50-FCDC-4ECD-9B0F-31384AB0189A}.Release|Win32.Build.0 = Release|Win32
	EndGlobalSection
	GlobalSection(SolutionProperties) = preSolution
		HideSolutionNode = FALSE
	EndGlobalSection
EndGlobal
